<Solution>
  <Configurations>
    <Platform Name="Any CPU" />
    <Platform Name="x64" />
  </Configurations>
  <Project Path="WorkTools.Desktop/WorkTools.Desktop.csproj" />
  <Project Path="WorkTools.Core.Tests/WorkTools.Core.Tests.csproj" />
  <Project Path="WorkTools.Core/WorkTools.Core.csproj">
    <Platform Solution="*|x64" Project="x64" />
  </Project>
</Solution>
